
Microsoft Visual Studio Solution File, Format Version 12.00
# Visual Studio 2012
Project("{FAE04EC0-301F-11D3-BF4B-00C04F79EFBC}") = "Common", "Common\Common.csproj", "{CE5985AA-7205-4E8C-94E6-FE8DCDABA8AC}"
EndProject
Project("{FAE04EC0-301F-11D3-BF4B-00C04F79EFBC}") = "PolarProblems", "PolarProblems\PolarProblems\PolarProblems.csproj", "{A816C9D2-7BF6-4561-9D3D-A00AEF02A252}"
EndProject
Project("{FAE04EC0-301F-11D3-BF4B-00C04F79EFBC}") = "TestPolarBTree", "TestPolarBtree\TestPolarBTree.csproj", "{0B808D6C-C333-4CB5-82D4-174F359DFD3B}"
EndProject
Project("{FAE04EC0-301F-11D3-BF4B-00C04F79EFBC}") = "TableOfNames", "TableOfNames\TableOfNames.csproj", "{EAFA8707-78A5-460B-9D0C-7DC63722F8D8}"
EndProject
Project("{FAE04EC0-301F-11D3-BF4B-00C04F79EFBC}") = "TableOfNamesSQL", "TableOfNamesSQL\TableOfNamesSQL.csproj", "{EB8AE6A1-BCB5-4FD3-87BC-3B4B5F52904B}"
EndProject
Project("{FAE04EC0-301F-11D3-BF4B-00C04F79EFBC}") = "PolarBTreeIndex", "PolarBTreeIndex\PolarBTreeIndex\PolarBTreeIndex.csproj", "{AC2EB759-D7EC-4A7B-A346-CF4530B6C9D3}"
EndProject
Project("{FAE04EC0-301F-11D3-BF4B-00C04F79EFBC}") = "ExtendedIndexBTree", "ExtendedIndexBTree\ExtendedIndexBTree.csproj", "{CE9E0D70-259C-4A29-977C-64232DA34C6F}"
EndProject
Project("{FAE04EC0-301F-11D3-BF4B-00C04F79EFBC}") = "ORMPolar", "ORMPolar\ORMPolar.csproj", "{DA63279C-44CC-4D69-9B90-F653E8E33BE6}"
EndProject
Project("{FAE04EC0-301F-11D3-BF4B-00C04F79EFBC}") = "TestPlatform", "TestPlatform\TestPlatform.csproj", "{64B2FD9D-62CD-490A-B413-B2B75398A04F}"
EndProject
Project("{FAE04EC0-301F-11D3-BF4B-00C04F79EFBC}") = "ORMEntityFramework", "ORMEntityFramework\ORMEntityFramework.csproj", "{BC68DE0C-9310-498F-84FC-528BB7E0A4CE}"
EndProject
Global
	GlobalSection(SolutionConfigurationPlatforms) = preSolution
		Debug|Any CPU = Debug|Any CPU
		Debug|x64 = Debug|x64
		Release|Any CPU = Release|Any CPU
		Release|x64 = Release|x64
	EndGlobalSection
	GlobalSection(ProjectConfigurationPlatforms) = postSolution
		{CE5985AA-7205-4E8C-94E6-FE8DCDABA8AC}.Debug|Any CPU.ActiveCfg = Debug|Any CPU
		{CE5985AA-7205-4E8C-94E6-FE8DCDABA8AC}.Debug|Any CPU.Build.0 = Debug|Any CPU
		{CE5985AA-7205-4E8C-94E6-FE8DCDABA8AC}.Debug|x64.ActiveCfg = Debug|x64
		{CE5985AA-7205-4E8C-94E6-FE8DCDABA8AC}.Debug|x64.Build.0 = Debug|x64
		{CE5985AA-7205-4E8C-94E6-FE8DCDABA8AC}.Release|Any CPU.ActiveCfg = Release|Any CPU
		{CE5985AA-7205-4E8C-94E6-FE8DCDABA8AC}.Release|Any CPU.Build.0 = Release|Any CPU
		{CE5985AA-7205-4E8C-94E6-FE8DCDABA8AC}.Release|x64.ActiveCfg = Release|Any CPU
		{CE5985AA-7205-4E8C-94E6-FE8DCDABA8AC}.Release|x64.Build.0 = Release|Any CPU
		{A816C9D2-7BF6-4561-9D3D-A00AEF02A252}.Debug|Any CPU.ActiveCfg = Debug|Any CPU
		{A816C9D2-7BF6-4561-9D3D-A00AEF02A252}.Debug|Any CPU.Build.0 = Debug|Any CPU
		{A816C9D2-7BF6-4561-9D3D-A00AEF02A252}.Debug|x64.ActiveCfg = Debug|x64
		{A816C9D2-7BF6-4561-9D3D-A00AEF02A252}.Debug|x64.Build.0 = Debug|x64
		{A816C9D2-7BF6-4561-9D3D-A00AEF02A252}.Release|Any CPU.ActiveCfg = Release|Any CPU
		{A816C9D2-7BF6-4561-9D3D-A00AEF02A252}.Release|Any CPU.Build.0 = Release|Any CPU
		{A816C9D2-7BF6-4561-9D3D-A00AEF02A252}.Release|x64.ActiveCfg = Release|Any CPU
		{A816C9D2-7BF6-4561-9D3D-A00AEF02A252}.Release|x64.Build.0 = Release|Any CPU
		{0B808D6C-C333-4CB5-82D4-174F359DFD3B}.Debug|Any CPU.ActiveCfg = Debug|Any CPU
		{0B808D6C-C333-4CB5-82D4-174F359DFD3B}.Debug|Any CPU.Build.0 = Debug|Any CPU
		{0B808D6C-C333-4CB5-82D4-174F359DFD3B}.Debug|x64.ActiveCfg = Debug|x64
		{0B808D6C-C333-4CB5-82D4-174F359DFD3B}.Debug|x64.Build.0 = Debug|x64
		{0B808D6C-C333-4CB5-82D4-174F359DFD3B}.Release|Any CPU.ActiveCfg = Release|Any CPU
		{0B808D6C-C333-4CB5-82D4-174F359DFD3B}.Release|Any CPU.Build.0 = Release|Any CPU
		{0B808D6C-C333-4CB5-82D4-174F359DFD3B}.Release|x64.ActiveCfg = Release|Any CPU
		{0B808D6C-C333-4CB5-82D4-174F359DFD3B}.Release|x64.Build.0 = Release|Any CPU
		{EAFA8707-78A5-460B-9D0C-7DC63722F8D8}.Debug|Any CPU.ActiveCfg = Debug|Any CPU
		{EAFA8707-78A5-460B-9D0C-7DC63722F8D8}.Debug|Any CPU.Build.0 = Debug|Any CPU
		{EAFA8707-78A5-460B-9D0C-7DC63722F8D8}.Debug|x64.ActiveCfg = Debug|x64
		{EAFA8707-78A5-460B-9D0C-7DC63722F8D8}.Debug|x64.Build.0 = Debug|x64
		{EAFA8707-78A5-460B-9D0C-7DC63722F8D8}.Release|Any CPU.ActiveCfg = Release|Any CPU
		{EAFA8707-78A5-460B-9D0C-7DC63722F8D8}.Release|Any CPU.Build.0 = Release|Any CPU
		{EAFA8707-78A5-460B-9D0C-7DC63722F8D8}.Release|x64.ActiveCfg = Release|Any CPU
		{EAFA8707-78A5-460B-9D0C-7DC63722F8D8}.Release|x64.Build.0 = Release|Any CPU
		{EB8AE6A1-BCB5-4FD3-87BC-3B4B5F52904B}.Debug|Any CPU.ActiveCfg = Debug|Any CPU
		{EB8AE6A1-BCB5-4FD3-87BC-3B4B5F52904B}.Debug|Any CPU.Build.0 = Debug|Any CPU
		{EB8AE6A1-BCB5-4FD3-87BC-3B4B5F52904B}.Debug|x64.ActiveCfg = Debug|x64
		{EB8AE6A1-BCB5-4FD3-87BC-3B4B5F52904B}.Debug|x64.Build.0 = Debug|x64
		{EB8AE6A1-BCB5-4FD3-87BC-3B4B5F52904B}.Release|Any CPU.ActiveCfg = Release|Any CPU
		{EB8AE6A1-BCB5-4FD3-87BC-3B4B5F52904B}.Release|Any CPU.Build.0 = Release|Any CPU
		{EB8AE6A1-BCB5-4FD3-87BC-3B4B5F52904B}.Release|x64.ActiveCfg = Release|Any CPU
		{EB8AE6A1-BCB5-4FD3-87BC-3B4B5F52904B}.Release|x64.Build.0 = Release|Any CPU
		{AC2EB759-D7EC-4A7B-A346-CF4530B6C9D3}.Debug|Any CPU.ActiveCfg = Debug|Any CPU
		{AC2EB759-D7EC-4A7B-A346-CF4530B6C9D3}.Debug|Any CPU.Build.0 = Debug|Any CPU
		{AC2EB759-D7EC-4A7B-A346-CF4530B6C9D3}.Debug|x64.ActiveCfg = Debug|x64
		{AC2EB759-D7EC-4A7B-A346-CF4530B6C9D3}.Debug|x64.Build.0 = Debug|x64
		{AC2EB759-D7EC-4A7B-A346-CF4530B6C9D3}.Release|Any CPU.ActiveCfg = Release|Any CPU
		{AC2EB759-D7EC-4A7B-A346-CF4530B6C9D3}.Release|Any CPU.Build.0 = Release|Any CPU
		{AC2EB759-D7EC-4A7B-A346-CF4530B6C9D3}.Release|x64.ActiveCfg = Release|Any CPU
		{AC2EB759-D7EC-4A7B-A346-CF4530B6C9D3}.Release|x64.Build.0 = Release|Any CPU
		{CE9E0D70-259C-4A29-977C-64232DA34C6F}.Debug|Any CPU.ActiveCfg = Debug|Any CPU
		{CE9E0D70-259C-4A29-977C-64232DA34C6F}.Debug|Any CPU.Build.0 = Debug|Any CPU
		{CE9E0D70-259C-4A29-977C-64232DA34C6F}.Debug|x64.ActiveCfg = Debug|x64
		{CE9E0D70-259C-4A29-977C-64232DA34C6F}.Debug|x64.Build.0 = Debug|x64
		{CE9E0D70-259C-4A29-977C-64232DA34C6F}.Release|Any CPU.ActiveCfg = Release|Any CPU
		{CE9E0D70-259C-4A29-977C-64232DA34C6F}.Release|Any CPU.Build.0 = Release|Any CPU
		{CE9E0D70-259C-4A29-977C-64232DA34C6F}.Release|x64.ActiveCfg = Release|Any CPU
		{CE9E0D70-259C-4A29-977C-64232DA34C6F}.Release|x64.Build.0 = Release|Any CPU
		{DA63279C-44CC-4D69-9B90-F653E8E33BE6}.Debug|Any CPU.ActiveCfg = Debug|Any CPU
		{DA63279C-44CC-4D69-9B90-F653E8E33BE6}.Debug|Any CPU.Build.0 = Debug|Any CPU
		{DA63279C-44CC-4D69-9B90-F653E8E33BE6}.Debug|x64.ActiveCfg = Debug|x64
		{DA63279C-44CC-4D69-9B90-F653E8E33BE6}.Debug|x64.Build.0 = Debug|x64
		{DA63279C-44CC-4D69-9B90-F653E8E33BE6}.Release|Any CPU.ActiveCfg = Release|Any CPU
		{DA63279C-44CC-4D69-9B90-F653E8E33BE6}.Release|Any CPU.Build.0 = Release|Any CPU
		{DA63279C-44CC-4D69-9B90-F653E8E33BE6}.Release|x64.ActiveCfg = Release|Any CPU
		{DA63279C-44CC-4D69-9B90-F653E8E33BE6}.Release|x64.Build.0 = Release|Any CPU
		{64B2FD9D-62CD-490A-B413-B2B75398A04F}.Debug|Any CPU.ActiveCfg = Debug|Any CPU
		{64B2FD9D-62CD-490A-B413-B2B75398A04F}.Debug|Any CPU.Build.0 = Debug|Any CPU
		{64B2FD9D-62CD-490A-B413-B2B75398A04F}.Debug|x64.ActiveCfg = Debug|x64
		{64B2FD9D-62CD-490A-B413-B2B75398A04F}.Debug|x64.Build.0 = Debug|x64
		{64B2FD9D-62CD-490A-B413-B2B75398A04F}.Release|Any CPU.ActiveCfg = Release|Any CPU
		{64B2FD9D-62CD-490A-B413-B2B75398A04F}.Release|Any CPU.Build.0 = Release|Any CPU
		{64B2FD9D-62CD-490A-B413-B2B75398A04F}.Release|x64.ActiveCfg = Release|x64
		{64B2FD9D-62CD-490A-B413-B2B75398A04F}.Release|x64.Build.0 = Release|x64
		{BC68DE0C-9310-498F-84FC-528BB7E0A4CE}.Debug|Any CPU.ActiveCfg = Debug|Any CPU
		{BC68DE0C-9310-498F-84FC-528BB7E0A4CE}.Debug|Any CPU.Build.0 = Debug|Any CPU
		{BC68DE0C-9310-498F-84FC-528BB7E0A4CE}.Debug|x64.ActiveCfg = Debug|x64
		{BC68DE0C-9310-498F-84FC-528BB7E0A4CE}.Debug|x64.Build.0 = Debug|x64
		{BC68DE0C-9310-498F-84FC-528BB7E0A4CE}.Release|Any CPU.ActiveCfg = Release|Any CPU
		{BC68DE0C-9310-498F-84FC-528BB7E0A4CE}.Release|Any CPU.Build.0 = Release|Any CPU
		{BC68DE0C-9310-498F-84FC-528BB7E0A4CE}.Release|x64.ActiveCfg = Release|Any CPU
		{BC68DE0C-9310-498F-84FC-528BB7E0A4CE}.Release|x64.Build.0 = Release|Any CPU
	EndGlobalSection
	GlobalSection(SolutionProperties) = preSolution
		HideSolutionNode = FALSE
	EndGlobalSection
EndGlobal
